
Microsoft Visual Studio Solution File, Format Version 12.00
# Visual Studio Version 16
VisualStudioVersion = 16.0.30523.141
MinimumVisualStudioVersion = 10.0.40219.1
Project("{8BC9CEB8-8B4A-11D0-8D11-00A0C91BC942}") = "Задание 2", "Задание 2.vcxproj", "{BA62C0C5-0AB7-43F2-B488-4F7620207E06}"
EndProject
Global
	GlobalSection(SolutionConfigurationPlatforms) = preSolution
		Debug|x64 = Debug|x64
		Debug|x86 = Debug|x86
		Release|x64 = Release|x64
		Release|x86 = Release|x86
	EndGlobalSection
	GlobalSection(ProjectConfigurationPlatforms) = postSolution
		{BA62C0C5-0AB7-43F2-B488-4F7620207E06}.Debug|x64.ActiveCfg = Debug|x64
		{BA62C0C5-0AB7-43F2-B488-4F7620207E06}.Debug|x64.Build.0 = Debug|x64
		{BA62C0C5-0AB7-43F2-B488-4F7620207E06}.Debug|x86.ActiveCfg = Debug|Win32
		{BA62C0C5-0AB7-43F2-B488-4F7620207E06}.Debug|x86.Build.0 = Debug|Win32
		{BA62C0C5-0AB7-43F2-B488-4F7620207E06}.Release|x64.ActiveCfg = Release|x64
		{BA62C0C5-0AB7-43F2-B488-4F7620207E06}.Release|x64.Build.0 = Release|x64
		{BA62C0C5-0AB7-43F2-B488-4F7620207E06}.Release|x86.ActiveCfg = Release|Win32
		{BA62C0C5-0AB7-43F2-B488-4F7620207E06}.Release|x86.Build.0 = Release|Win32
	EndGlobalSection
	GlobalSection(SolutionProperties) = preSolution
		HideSolutionNode = FALSE
	EndGlobalSection
	GlobalSection(ExtensibilityGlobals) = postSolution
		SolutionGuid = {2AE68B22-D761-49C0-83BB-E57637F5DF71}
	EndGlobalSection
EndGlobal
