
Microsoft Visual Studio Solution File, Format Version 12.00
# Visual Studio Version 16
VisualStudioVersion = 16.0.30523.141
MinimumVisualStudioVersion = 10.0.40219.1
Project("{8BC9CEB8-8B4A-11D0-8D11-00A0C91BC942}") = "Задание 5", "Задание 5.vcxproj", "{D6B11E89-8E6A-44F7-B10E-54FA20CAD3D6}"
EndProject
Global
	GlobalSection(SolutionConfigurationPlatforms) = preSolution
		Debug|x64 = Debug|x64
		Debug|x86 = Debug|x86
		Release|x64 = Release|x64
		Release|x86 = Release|x86
	EndGlobalSection
	GlobalSection(ProjectConfigurationPlatforms) = postSolution
		{D6B11E89-8E6A-44F7-B10E-54FA20CAD3D6}.Debug|x64.ActiveCfg = Debug|x64
		{D6B11E89-8E6A-44F7-B10E-54FA20CAD3D6}.Debug|x64.Build.0 = Debug|x64
		{D6B11E89-8E6A-44F7-B10E-54FA20CAD3D6}.Debug|x86.ActiveCfg = Debug|Win32
		{D6B11E89-8E6A-44F7-B10E-54FA20CAD3D6}.Debug|x86.Build.0 = Debug|Win32
		{D6B11E89-8E6A-44F7-B10E-54FA20CAD3D6}.Release|x64.ActiveCfg = Release|x64
		{D6B11E89-8E6A-44F7-B10E-54FA20CAD3D6}.Release|x64.Build.0 = Release|x64
		{D6B11E89-8E6A-44F7-B10E-54FA20CAD3D6}.Release|x86.ActiveCfg = Release|Win32
		{D6B11E89-8E6A-44F7-B10E-54FA20CAD3D6}.Release|x86.Build.0 = Release|Win32
	EndGlobalSection
	GlobalSection(SolutionProperties) = preSolution
		HideSolutionNode = FALSE
	EndGlobalSection
	GlobalSection(ExtensibilityGlobals) = postSolution
		SolutionGuid = {EEAA0D1E-6B84-4920-B1B7-7A2D0303CA3E}
	EndGlobalSection
EndGlobal
