
Microsoft Visual Studio Solution File, Format Version 12.00
# Visual Studio Version 16
VisualStudioVersion = 16.0.30523.141
MinimumVisualStudioVersion = 10.0.40219.1
Project("{8BC9CEB8-8B4A-11D0-8D11-00A0C91BC942}") = "Задание 3", "Задание 3.vcxproj", "{7D010E8C-E12F-4331-A827-28D203619A8E}"
EndProject
Global
	GlobalSection(SolutionConfigurationPlatforms) = preSolution
		Debug|x64 = Debug|x64
		Debug|x86 = Debug|x86
		Release|x64 = Release|x64
		Release|x86 = Release|x86
	EndGlobalSection
	GlobalSection(ProjectConfigurationPlatforms) = postSolution
		{7D010E8C-E12F-4331-A827-28D203619A8E}.Debug|x64.ActiveCfg = Debug|x64
		{7D010E8C-E12F-4331-A827-28D203619A8E}.Debug|x64.Build.0 = Debug|x64
		{7D010E8C-E12F-4331-A827-28D203619A8E}.Debug|x86.ActiveCfg = Debug|Win32
		{7D010E8C-E12F-4331-A827-28D203619A8E}.Debug|x86.Build.0 = Debug|Win32
		{7D010E8C-E12F-4331-A827-28D203619A8E}.Release|x64.ActiveCfg = Release|x64
		{7D010E8C-E12F-4331-A827-28D203619A8E}.Release|x64.Build.0 = Release|x64
		{7D010E8C-E12F-4331-A827-28D203619A8E}.Release|x86.ActiveCfg = Release|Win32
		{7D010E8C-E12F-4331-A827-28D203619A8E}.Release|x86.Build.0 = Release|Win32
	EndGlobalSection
	GlobalSection(SolutionProperties) = preSolution
		HideSolutionNode = FALSE
	EndGlobalSection
	GlobalSection(ExtensibilityGlobals) = postSolution
		SolutionGuid = {A3424216-527C-467B-A951-0386B76312BB}
	EndGlobalSection
EndGlobal
